
Microsoft Visual Studio Solution File, Format Version 10.00
# Visual Studio 2008
Project("{FAE04EC0-301F-11D3-BF4B-00C04F79EFBC}") = "IdSharpHarness", "IdSharpHarness.csproj", "{75AF7A05-6D62-42DF-92A2-D24AD1084BAA}"
EndProject
Global
	GlobalSection(SolutionConfigurationPlatforms) = preSolution
		Debug|Any CPU = Debug|Any CPU
		Release|Any CPU = Release|Any CPU
	EndGlobalSection
	GlobalSection(ProjectConfigurationPlatforms) = postSolution
		{75AF7A05-6D62-42DF-92A2-D24AD1084BAA}.Debug|Any CPU.ActiveCfg = Debug|Any CPU
		{75AF7A05-6D62-42DF-92A2-D24AD1084BAA}.Debug|Any CPU.Build.0 = Debug|Any CPU
		{75AF7A05-6D62-42DF-92A2-D24AD1084BAA}.Release|Any CPU.ActiveCfg = Release|Any CPU
		{75AF7A05-6D62-42DF-92A2-D24AD1084BAA}.Release|Any CPU.Build.0 = Release|Any CPU
	EndGlobalSection
	GlobalSection(SolutionProperties) = preSolution
		HideSolutionNode = FALSE
	EndGlobalSection
EndGlobal
