
Microsoft Visual Studio Solution File, Format Version 12.00
# Visual Studio 2012
Project("{FAE04EC0-301F-11D3-BF4B-00C04F79EFBC}") = "MusicPlayerWeb", "MusicPlayerWeb\MusicPlayerWeb.csproj", "{8CCF2CC8-6A55-4A45-9E50-8206FA034CF1}"
EndProject
Project("{FAE04EC0-301F-11D3-BF4B-00C04F79EFBC}") = "UnitTestProject1", "UnitTestProject1\UnitTestProject1.csproj", "{2D2D963F-CC59-40A8-9039-F81F6629DE56}"
EndProject
Global
	GlobalSection(TeamFoundationVersionControl) = preSolution
		SccNumberOfProjects = 3
		SccEnterpriseProvider = {4CA58AB2-18FA-4F8D-95D4-32DDF27D184C}
		SccTeamFoundationServer = https://voidingthevoid.visualstudio.com/defaultcollection
		SccLocalPath0 = .
		SccProjectUniqueName1 = MusicPlayerWeb\\MusicPlayerWeb.csproj
		SccProjectName1 = MusicPlayerWeb
		SccLocalPath1 = MusicPlayerWeb
		SccProjectUniqueName2 = UnitTestProject1\\UnitTestProject1.csproj
		SccProjectName2 = UnitTestProject1
		SccLocalPath2 = UnitTestProject1
	EndGlobalSection
	GlobalSection(SolutionConfigurationPlatforms) = preSolution
		Debug|Any CPU = Debug|Any CPU
		Release|Any CPU = Release|Any CPU
	EndGlobalSection
	GlobalSection(ProjectConfigurationPlatforms) = postSolution
		{8CCF2CC8-6A55-4A45-9E50-8206FA034CF1}.Debug|Any CPU.ActiveCfg = Debug|Any CPU
		{8CCF2CC8-6A55-4A45-9E50-8206FA034CF1}.Debug|Any CPU.Build.0 = Debug|Any CPU
		{8CCF2CC8-6A55-4A45-9E50-8206FA034CF1}.Release|Any CPU.ActiveCfg = Release|Any CPU
		{8CCF2CC8-6A55-4A45-9E50-8206FA034CF1}.Release|Any CPU.Build.0 = Release|Any CPU
		{2D2D963F-CC59-40A8-9039-F81F6629DE56}.Debug|Any CPU.ActiveCfg = Debug|Any CPU
		{2D2D963F-CC59-40A8-9039-F81F6629DE56}.Debug|Any CPU.Build.0 = Debug|Any CPU
		{2D2D963F-CC59-40A8-9039-F81F6629DE56}.Release|Any CPU.ActiveCfg = Release|Any CPU
		{2D2D963F-CC59-40A8-9039-F81F6629DE56}.Release|Any CPU.Build.0 = Release|Any CPU
	EndGlobalSection
	GlobalSection(SolutionProperties) = preSolution
		HideSolutionNode = FALSE
	EndGlobalSection
EndGlobal
