
Microsoft Visual Studio Solution File, Format Version 12.00
# Visual Studio 2013
VisualStudioVersion = 12.0.30501.0
MinimumVisualStudioVersion = 10.0.40219.1
Project("{FAE04EC0-301F-11D3-BF4B-00C04F79EFBC}") = "KODemo", "WebApplication1\KODemo.csproj", "{13C937E0-468A-407B-AA93-86D065A9E0D1}"
EndProject
Project("{2150E333-8FDC-42A3-9474-1A3956D46DE8}") = "PublishScripts", "PublishScripts", "{BF6502B6-D79E-42A1-A42E-2BBA9C20EA0F}"
	ProjectSection(SolutionItems) = preProject
		PublishScripts\AzureWebsitePublishModule.psm1 = PublishScripts\AzureWebsitePublishModule.psm1
		PublishScripts\Publish-WebApplicationWebsite.ps1 = PublishScripts\Publish-WebApplicationWebsite.ps1
	EndProjectSection
EndProject
Project("{2150E333-8FDC-42A3-9474-1A3956D46DE8}") = "Configurations", "Configurations", "{0A7D6370-DB17-4EB6-AF1D-EE29A008181E}"
	ProjectSection(SolutionItems) = preProject
		PublishScripts\Configurations\WebApplication1-WAWS-dev.json = PublishScripts\Configurations\WebApplication1-WAWS-dev.json
	EndProjectSection
EndProject
Global
	GlobalSection(TeamFoundationVersionControl) = preSolution
		SccNumberOfProjects = 2
		SccEnterpriseProvider = {4CA58AB2-18FA-4F8D-95D4-32DDF27D184C}
		SccTeamFoundationServer = https://voidingthevoid.visualstudio.com/defaultcollection
		SccLocalPath0 = .
		SccProjectUniqueName1 = WebApplication1\\KODemo.csproj
		SccProjectName1 = WebApplication1
		SccLocalPath1 = WebApplication1
	EndGlobalSection
	GlobalSection(SolutionConfigurationPlatforms) = preSolution
		Debug|Any CPU = Debug|Any CPU
		Release|Any CPU = Release|Any CPU
	EndGlobalSection
	GlobalSection(ProjectConfigurationPlatforms) = postSolution
		{13C937E0-468A-407B-AA93-86D065A9E0D1}.Debug|Any CPU.ActiveCfg = Debug|Any CPU
		{13C937E0-468A-407B-AA93-86D065A9E0D1}.Debug|Any CPU.Build.0 = Debug|Any CPU
		{13C937E0-468A-407B-AA93-86D065A9E0D1}.Release|Any CPU.ActiveCfg = Release|Any CPU
		{13C937E0-468A-407B-AA93-86D065A9E0D1}.Release|Any CPU.Build.0 = Release|Any CPU
	EndGlobalSection
	GlobalSection(SolutionProperties) = preSolution
		HideSolutionNode = FALSE
	EndGlobalSection
	GlobalSection(NestedProjects) = preSolution
		{0A7D6370-DB17-4EB6-AF1D-EE29A008181E} = {BF6502B6-D79E-42A1-A42E-2BBA9C20EA0F}
	EndGlobalSection
EndGlobal
