
Microsoft Visual Studio Solution File, Format Version 12.00
# Visual Studio 2012
Project("{FAE04EC0-301F-11D3-BF4B-00C04F79EFBC}") = "SongDownloader", "SongDownloader\SongDownloader.csproj", "{BE631903-C11E-48B0-BF1B-B774294717FB}"
EndProject
Global
	GlobalSection(TeamFoundationVersionControl) = preSolution
		SccNumberOfProjects = 2
		SccEnterpriseProvider = {4CA58AB2-18FA-4F8D-95D4-32DDF27D184C}
		SccTeamFoundationServer = https://voidingthevoid.visualstudio.com/defaultcollection
		SccLocalPath0 = .
		SccProjectUniqueName1 = SongDownloader\\SongDownloader.csproj
		SccProjectName1 = SongDownloader
		SccLocalPath1 = SongDownloader
	EndGlobalSection
	GlobalSection(SolutionConfigurationPlatforms) = preSolution
		Debug|Any CPU = Debug|Any CPU
		Release|Any CPU = Release|Any CPU
	EndGlobalSection
	GlobalSection(ProjectConfigurationPlatforms) = postSolution
		{BE631903-C11E-48B0-BF1B-B774294717FB}.Debug|Any CPU.ActiveCfg = Debug|Any CPU
		{BE631903-C11E-48B0-BF1B-B774294717FB}.Debug|Any CPU.Build.0 = Debug|Any CPU
		{BE631903-C11E-48B0-BF1B-B774294717FB}.Release|Any CPU.ActiveCfg = Release|Any CPU
		{BE631903-C11E-48B0-BF1B-B774294717FB}.Release|Any CPU.Build.0 = Release|Any CPU
	EndGlobalSection
	GlobalSection(SolutionProperties) = preSolution
		HideSolutionNode = FALSE
	EndGlobalSection
EndGlobal
